
Microsoft Visual Studio Solution File, Format Version 12.00
# Visual Studio Version 16
VisualStudioVersion = 16.0.30011.22
MinimumVisualStudioVersion = 10.0.40219.1
Project("{2150E333-8FDC-42A3-9474-1A3956D46DE8}") = "src", "src", "{45DB670C-8A57-4461-BD4F-0BEF42017D66}"
EndProject
Project("{2150E333-8FDC-42A3-9474-1A3956D46DE8}") = "User", "User", "{F51A507C-CE4D-4004-86EA-B9C5254F9C4A}"
EndProject
Project("{9A19103F-16F7-4668-BE54-9A1E7A4F7556}") = "User.API", "src\User\User.API\User.API.csproj", "{B15871B0-8D6B-4F13-875E-CFE96574ED62}"
EndProject
Project("{E53339B2-1760-4266-BCC7-CA923CBCF16C}") = "docker-compose", "docker-compose.dcproj", "{D26ED1FA-0C81-45A2-BA5C-EB6363EB7ABD}"
EndProject
Project("{2150E333-8FDC-42A3-9474-1A3956D46DE8}") = "Issue", "Issue", "{CA09670B-7774-4CE9-99AD-E1D3767B1E9F}"
EndProject
Project("{9A19103F-16F7-4668-BE54-9A1E7A4F7556}") = "Issue.API", "src\Issue\Issue.API\Issue.API.csproj", "{7FD7CDCE-A19D-482C-8835-C49CB30072AF}"
EndProject
Project("{2150E333-8FDC-42A3-9474-1A3956D46DE8}") = "Task", "Task", "{64BDD016-DA8B-4463-A4B9-0CF6A044E247}"
EndProject
Project("{2150E333-8FDC-42A3-9474-1A3956D46DE8}") = "Approve", "Approve", "{447716D0-0EF5-4F3B-BECA-8601D66DE451}"
EndProject
Project("{9A19103F-16F7-4668-BE54-9A1E7A4F7556}") = "Approve.API", "src\Approve\Approve.API\Approve.API.csproj", "{5095DCB7-59E6-49E8-BA33-4B664367B956}"
EndProject
Project("{9A19103F-16F7-4668-BE54-9A1E7A4F7556}") = "WorkAssign.API", "src\Task\WorkAssign.API\WorkAssign.API.csproj", "{73A737B9-6176-440A-B067-B87C0A71C0F0}"
EndProject
Project("{2150E333-8FDC-42A3-9474-1A3956D46DE8}") = "Gateway", "Gateway", "{5843D352-F910-454B-B58D-F4C367FE67D2}"
EndProject
Project("{9A19103F-16F7-4668-BE54-9A1E7A4F7556}") = "APIGateway", "src\Gateway\APIGateway\APIGateway.csproj", "{4C0D04EB-439D-4536-8138-EED91C6F2E46}"
EndProject
Project("{2150E333-8FDC-42A3-9474-1A3956D46DE8}") = "Users of Administation", "Users of Administation", "{ED535E67-6C29-4CEA-B337-71C3B7728385}"
EndProject
Project("{9A19103F-16F7-4668-BE54-9A1E7A4F7556}") = "UCRDAUsers.API", "src\Users of Administation\UCRDAUsers.API\UCRDAUsers.API.csproj", "{D95C9126-3E6B-4D08-B32D-42CA7B942454}"
EndProject
Global
	GlobalSection(SolutionConfigurationPlatforms) = preSolution
		Debug|Any CPU = Debug|Any CPU
		Release|Any CPU = Release|Any CPU
	EndGlobalSection
	GlobalSection(ProjectConfigurationPlatforms) = postSolution
		{B15871B0-8D6B-4F13-875E-CFE96574ED62}.Debug|Any CPU.ActiveCfg = Debug|Any CPU
		{B15871B0-8D6B-4F13-875E-CFE96574ED62}.Debug|Any CPU.Build.0 = Debug|Any CPU
		{B15871B0-8D6B-4F13-875E-CFE96574ED62}.Release|Any CPU.ActiveCfg = Release|Any CPU
		{B15871B0-8D6B-4F13-875E-CFE96574ED62}.Release|Any CPU.Build.0 = Release|Any CPU
		{D26ED1FA-0C81-45A2-BA5C-EB6363EB7ABD}.Debug|Any CPU.ActiveCfg = Debug|Any CPU
		{D26ED1FA-0C81-45A2-BA5C-EB6363EB7ABD}.Debug|Any CPU.Build.0 = Debug|Any CPU
		{D26ED1FA-0C81-45A2-BA5C-EB6363EB7ABD}.Release|Any CPU.ActiveCfg = Release|Any CPU
		{D26ED1FA-0C81-45A2-BA5C-EB6363EB7ABD}.Release|Any CPU.Build.0 = Release|Any CPU
		{7FD7CDCE-A19D-482C-8835-C49CB30072AF}.Debug|Any CPU.ActiveCfg = Debug|Any CPU
		{7FD7CDCE-A19D-482C-8835-C49CB30072AF}.Debug|Any CPU.Build.0 = Debug|Any CPU
		{7FD7CDCE-A19D-482C-8835-C49CB30072AF}.Release|Any CPU.ActiveCfg = Release|Any CPU
		{7FD7CDCE-A19D-482C-8835-C49CB30072AF}.Release|Any CPU.Build.0 = Release|Any CPU
		{5095DCB7-59E6-49E8-BA33-4B664367B956}.Debug|Any CPU.ActiveCfg = Debug|Any CPU
		{5095DCB7-59E6-49E8-BA33-4B664367B956}.Debug|Any CPU.Build.0 = Debug|Any CPU
		{5095DCB7-59E6-49E8-BA33-4B664367B956}.Release|Any CPU.ActiveCfg = Release|Any CPU
		{5095DCB7-59E6-49E8-BA33-4B664367B956}.Release|Any CPU.Build.0 = Release|Any CPU
		{73A737B9-6176-440A-B067-B87C0A71C0F0}.Debug|Any CPU.ActiveCfg = Debug|Any CPU
		{73A737B9-6176-440A-B067-B87C0A71C0F0}.Debug|Any CPU.Build.0 = Debug|Any CPU
		{73A737B9-6176-440A-B067-B87C0A71C0F0}.Release|Any CPU.ActiveCfg = Release|Any CPU
		{73A737B9-6176-440A-B067-B87C0A71C0F0}.Release|Any CPU.Build.0 = Release|Any CPU
		{4C0D04EB-439D-4536-8138-EED91C6F2E46}.Debug|Any CPU.ActiveCfg = Debug|Any CPU
		{4C0D04EB-439D-4536-8138-EED91C6F2E46}.Debug|Any CPU.Build.0 = Debug|Any CPU
		{4C0D04EB-439D-4536-8138-EED91C6F2E46}.Release|Any CPU.ActiveCfg = Release|Any CPU
		{4C0D04EB-439D-4536-8138-EED91C6F2E46}.Release|Any CPU.Build.0 = Release|Any CPU
		{D95C9126-3E6B-4D08-B32D-42CA7B942454}.Debug|Any CPU.ActiveCfg = Debug|Any CPU
		{D95C9126-3E6B-4D08-B32D-42CA7B942454}.Debug|Any CPU.Build.0 = Debug|Any CPU
		{D95C9126-3E6B-4D08-B32D-42CA7B942454}.Release|Any CPU.ActiveCfg = Release|Any CPU
		{D95C9126-3E6B-4D08-B32D-42CA7B942454}.Release|Any CPU.Build.0 = Release|Any CPU
	EndGlobalSection
	GlobalSection(SolutionProperties) = preSolution
		HideSolutionNode = FALSE
	EndGlobalSection
	GlobalSection(NestedProjects) = preSolution
		{F51A507C-CE4D-4004-86EA-B9C5254F9C4A} = {45DB670C-8A57-4461-BD4F-0BEF42017D66}
		{B15871B0-8D6B-4F13-875E-CFE96574ED62} = {F51A507C-CE4D-4004-86EA-B9C5254F9C4A}
		{CA09670B-7774-4CE9-99AD-E1D3767B1E9F} = {45DB670C-8A57-4461-BD4F-0BEF42017D66}
		{7FD7CDCE-A19D-482C-8835-C49CB30072AF} = {CA09670B-7774-4CE9-99AD-E1D3767B1E9F}
		{64BDD016-DA8B-4463-A4B9-0CF6A044E247} = {45DB670C-8A57-4461-BD4F-0BEF42017D66}
		{447716D0-0EF5-4F3B-BECA-8601D66DE451} = {45DB670C-8A57-4461-BD4F-0BEF42017D66}
		{5095DCB7-59E6-49E8-BA33-4B664367B956} = {447716D0-0EF5-4F3B-BECA-8601D66DE451}
		{73A737B9-6176-440A-B067-B87C0A71C0F0} = {64BDD016-DA8B-4463-A4B9-0CF6A044E247}
		{5843D352-F910-454B-B58D-F4C367FE67D2} = {45DB670C-8A57-4461-BD4F-0BEF42017D66}
		{4C0D04EB-439D-4536-8138-EED91C6F2E46} = {5843D352-F910-454B-B58D-F4C367FE67D2}
		{ED535E67-6C29-4CEA-B337-71C3B7728385} = {45DB670C-8A57-4461-BD4F-0BEF42017D66}
		{D95C9126-3E6B-4D08-B32D-42CA7B942454} = {ED535E67-6C29-4CEA-B337-71C3B7728385}
	EndGlobalSection
	GlobalSection(ExtensibilityGlobals) = postSolution
		SolutionGuid = {28427470-00E9-4B3D-B388-9753BF06A962}
	EndGlobalSection
EndGlobal
